
Microsoft Visual Studio Solution File, Format Version 12.00
# Visual Studio Version 17
VisualStudioVersion = 17.13.35919.96
MinimumVisualStudioVersion = 10.0.40219.1
Project("{FAE04EC0-301F-11D3-BF4B-00C04F79EFBC}") = "CentraliaStore", "CentraliaStore\CentraliaStore.csproj", "{E697EE0B-2F3C-4515-837D-69DF83B97A2C}"
EndProject
Global
	GlobalSection(SolutionConfigurationPlatforms) = preSolution
		Debug|Any CPU = Debug|Any CPU
		Release|Any CPU = Release|Any CPU
	EndGlobalSection
	GlobalSection(ProjectConfigurationPlatforms) = postSolution
		{E697EE0B-2F3C-4515-837D-69DF83B97A2C}.Debug|Any CPU.ActiveCfg = Debug|Any CPU
		{E697EE0B-2F3C-4515-837D-69DF83B97A2C}.Debug|Any CPU.Build.0 = Debug|Any CPU
		{E697EE0B-2F3C-4515-837D-69DF83B97A2C}.Release|Any CPU.ActiveCfg = Release|Any CPU
		{E697EE0B-2F3C-4515-837D-69DF83B97A2C}.Release|Any CPU.Build.0 = Release|Any CPU
	EndGlobalSection
	GlobalSection(SolutionProperties) = preSolution
		HideSolutionNode = FALSE
	EndGlobalSection
	GlobalSection(ExtensibilityGlobals) = postSolution
		SolutionGuid = {52B1C5B4-6804-4B83-BFFB-245187FCFCE6}
	EndGlobalSection
EndGlobal
